PODS:
  - Browse (0.0.1)
  - GalleryModule (0.1.0)

DEPENDENCIES:
  - Browse (from `../../BrowseSafari/Browse`)
  - GalleryModule (from `../../GalleryModule`)

EXTERNAL SOURCES:
  Browse:
    :path: "../../BrowseSafari/Browse"
  GalleryModule:
    :path: "../../GalleryModule"

SPEC CHECKSUMS:
  Browse: d71a2465e8a8ca67e48dc7fad04000f46b4e0cad
  GalleryModule: 3452e9f834beb67e340d27b7759789aa04350bba

PODFILE CHECKSUM: 106e1984947855173eacf07ee2ec340c26c9e6d3

COCOAPODS: 1.10.1
