PODS:
  - BrowseModule (1.0.0)
  - GalleryModule (0.1.0)

DEPENDENCIES:
  - BrowseModule
  - GalleryModule

SPEC REPOS:
  trunk:
    - BrowseModule
    - GalleryModule

SPEC CHECKSUMS:
  BrowseModule: 3070ab25b6bab9e4418522caade5d40e8e296b37
  GalleryModule: 3452e9f834beb67e340d27b7759789aa04350bba

PODFILE CHECKSUM: 1bb1d8bd3237f8d2c1e06242ac4f06502f61acaf

COCOAPODS: 1.10.1
